
Microsoft Visual Studio Solution File, Format Version 12.00
# Visual Studio 15
VisualStudioVersion = 15.0.28307.1778
MinimumVisualStudioVersion = 10.0.40219.1
Project("{FAE04EC0-301F-11D3-BF4B-00C04F79EFBC}") = "Actionfiltersdemo", "Actionfiltersdemo\Actionfiltersdemo.csproj", "{AB0BE582-7C93-44FA-A1C9-75622B803714}"
EndProject
Global
	GlobalSection(SolutionConfigurationPlatforms) = preSolution
		Debug|Any CPU = Debug|Any CPU
		Release|Any CPU = Release|Any CPU
	EndGlobalSection
	GlobalSection(ProjectConfigurationPlatforms) = postSolution
		{AB0BE582-7C93-44FA-A1C9-75622B803714}.Debug|Any CPU.ActiveCfg = Debug|Any CPU
		{AB0BE582-7C93-44FA-A1C9-75622B803714}.Debug|Any CPU.Build.0 = Debug|Any CPU
		{AB0BE582-7C93-44FA-A1C9-75622B803714}.Release|Any CPU.ActiveCfg = Release|Any CPU
		{AB0BE582-7C93-44FA-A1C9-75622B803714}.Release|Any CPU.Build.0 = Release|Any CPU
	EndGlobalSection
	GlobalSection(SolutionProperties) = preSolution
		HideSolutionNode = FALSE
	EndGlobalSection
	GlobalSection(ExtensibilityGlobals) = postSolution
		SolutionGuid = {9A7F372A-8285-403B-BD9E-B0F57052F829}
	EndGlobalSection
EndGlobal
